// !$*UTF8*$!
{
	archiveVersion = 1;
	classes = {
	};
	objectVersion = 56;
	objects = {

/* Begin PBXBuildFile section */
		A1B2C3D401000001 /* QuickMDApp.swift in Sources */ = {isa = PBXBuildFile; fileRef = A1B2C3D400000001 /* QuickMDApp.swift */; };
		A1B2C3D401000002 /* MarkdownDocument.swift in Sources */ = {isa = PBXBuildFile; fileRef = A1B2C3D400000002 /* MarkdownDocument.swift */; };
		A1B2C3D401000003 /* MarkdownView.swift in Sources */ = {isa = PBXBuildFile; fileRef = A1B2C3D400000003 /* MarkdownView.swift */; };
		A1B2C3D401000004 /* MarkdownRenderer.swift in Sources */ = {isa = PBXBuildFile; fileRef = A1B2C3D400000004 /* MarkdownRenderer.swift */; };
		A1B2C3D401000005 /* Assets.xcassets in Resources */ = {isa = PBXBuildFile; fileRef = A1B2C3D400000005 /* Assets.xcassets */; };
		A1B2C3D401000006 /* MarkdownTheme.swift in Sources */ = {isa = PBXBuildFile; fileRef = A1B2C3D400000008 /* MarkdownTheme.swift */; };
		A1B2C3D401000007 /* TipJarManager.swift in Sources */ = {isa = PBXBuildFile; fileRef = A1B2C3D400000009 /* TipJarManager.swift */; };
		A1B2C3D401000008 /* TipJarView.swift in Sources */ = {isa = PBXBuildFile; fileRef = A1B2C3D40000000A /* TipJarView.swift */; };
		A1B2C3D401000009 /* MarkdownExport.swift in Sources */ = {isa = PBXBuildFile; fileRef = A1B2C3D40000000C /* MarkdownExport.swift */; };
		A1B2C3D40100000A /* MarkdownBlock.swift in Sources */ = {isa = PBXBuildFile; fileRef = A1B2C3D40000000D /* MarkdownBlock.swift */; };
		A1B2C3D40100000B /* MarkdownBlockParser.swift in Sources */ = {isa = PBXBuildFile; fileRef = A1B2C3D40000000E /* MarkdownBlockParser.swift */; };
		A1B2C3D40100000C /* TableBlockView.swift in Sources */ = {isa = PBXBuildFile; fileRef = A1B2C3D40000000F /* TableBlockView.swift */; };
		A1B2C3D40100000D /* CodeBlockView.swift in Sources */ = {isa = PBXBuildFile; fileRef = A1B2C3D400000011 /* CodeBlockView.swift */; };
		A1B2C3D40100000E /* ImageBlockView.swift in Sources */ = {isa = PBXBuildFile; fileRef = A1B2C3D400000012 /* ImageBlockView.swift */; };
		A1B2C3D40100000F /* BlockquoteView.swift in Sources */ = {isa = PBXBuildFile; fileRef = A1B2C3D400000013 /* BlockquoteView.swift */; };
		A1B2C3D401000010 /* SearchBar.swift in Sources */ = {isa = PBXBuildFile; fileRef = A1B2C3D400000014 /* SearchBar.swift */; };
		A1B2C3D401000011 /* TableOfContentsView.swift in Sources */ = {isa = PBXBuildFile; fileRef = A1B2C3D400000015 /* TableOfContentsView.swift */; };
		A1B2C3D401000012 /* ThemePickerView.swift in Sources */ = {isa = PBXBuildFile; fileRef = A1B2C3D400000016 /* ThemePickerView.swift */; };
		A1B2C3D401000013 /* SandboxAccessManager.swift in Sources */ = {isa = PBXBuildFile; fileRef = A1B2C3D400000017 /* SandboxAccessManager.swift */; };
		A1B2C3D401000014 /* MathBlockView.swift in Sources */ = {isa = PBXBuildFile; fileRef = A1B2C3D400000018 /* MathBlockView.swift */; };
		A1B2C3D401000015 /* MermaidBlockView.swift in Sources */ = {isa = PBXBuildFile; fileRef = A1B2C3D400000019 /* MermaidBlockView.swift */; };
		A1B2C3D401000016 /* MathFont.swift in Sources */ = {isa = PBXBuildFile; fileRef = A1B2C3D40000001A /* MathFont.swift */; };
		A1B2C3D401000017 /* MathImage.swift in Sources */ = {isa = PBXBuildFile; fileRef = A1B2C3D40000001B /* MathImage.swift */; };
		A1B2C3D401000018 /* MTBezierPath.swift in Sources */ = {isa = PBXBuildFile; fileRef = A1B2C3D40000001C /* MTBezierPath.swift */; };
		A1B2C3D401000019 /* MTColor.swift in Sources */ = {isa = PBXBuildFile; fileRef = A1B2C3D40000001D /* MTColor.swift */; };
		A1B2C3D40100001A /* MTConfig.swift in Sources */ = {isa = PBXBuildFile; fileRef = A1B2C3D40000001E /* MTConfig.swift */; };
		A1B2C3D40100001B /* MTFont.swift in Sources */ = {isa = PBXBuildFile; fileRef = A1B2C3D40000001F /* MTFont.swift */; };
		A1B2C3D40100001C /* MTFontManager.swift in Sources */ = {isa = PBXBuildFile; fileRef = A1B2C3D400000020 /* MTFontManager.swift */; };
		A1B2C3D40100001D /* MTFontMathTable.swift in Sources */ = {isa = PBXBuildFile; fileRef = A1B2C3D400000021 /* MTFontMathTable.swift */; };
		A1B2C3D40100001E /* MTFontMathTableV2.swift in Sources */ = {isa = PBXBuildFile; fileRef = A1B2C3D400000022 /* MTFontMathTableV2.swift */; };
		A1B2C3D40100001F /* MTFontV2.swift in Sources */ = {isa = PBXBuildFile; fileRef = A1B2C3D400000023 /* MTFontV2.swift */; };
		A1B2C3D401000020 /* MTLabel.swift in Sources */ = {isa = PBXBuildFile; fileRef = A1B2C3D400000024 /* MTLabel.swift */; };
		A1B2C3D401000021 /* MTMathAtomFactory.swift in Sources */ = {isa = PBXBuildFile; fileRef = A1B2C3D400000025 /* MTMathAtomFactory.swift */; };
		A1B2C3D401000022 /* MTMathImage.swift in Sources */ = {isa = PBXBuildFile; fileRef = A1B2C3D400000026 /* MTMathImage.swift */; };
		A1B2C3D401000023 /* MTMathList.swift in Sources */ = {isa = PBXBuildFile; fileRef = A1B2C3D400000027 /* MTMathList.swift */; };
		A1B2C3D401000024 /* MTMathListBuilder.swift in Sources */ = {isa = PBXBuildFile; fileRef = A1B2C3D400000028 /* MTMathListBuilder.swift */; };
		A1B2C3D401000025 /* MTMathListDisplay.swift in Sources */ = {isa = PBXBuildFile; fileRef = A1B2C3D400000029 /* MTMathListDisplay.swift */; };
		A1B2C3D401000026 /* MTMathListIndex.swift in Sources */ = {isa = PBXBuildFile; fileRef = A1B2C3D40000002A /* MTMathListIndex.swift */; };
		A1B2C3D401000027 /* MTMathUILabel.swift in Sources */ = {isa = PBXBuildFile; fileRef = A1B2C3D40000002B /* MTMathUILabel.swift */; };
		A1B2C3D401000028 /* MTTypesetter.swift in Sources */ = {isa = PBXBuildFile; fileRef = A1B2C3D40000002C /* MTTypesetter.swift */; };
		A1B2C3D401000029 /* MTTypesetter+Tokenization.swift in Sources */ = {isa = PBXBuildFile; fileRef = A1B2C3D40000002D /* MTTypesetter+Tokenization.swift */; };
		A1B2C3D40100002A /* MTUnicode.swift in Sources */ = {isa = PBXBuildFile; fileRef = A1B2C3D40000002E /* MTUnicode.swift */; };
		A1B2C3D40100002B /* RWLock.swift in Sources */ = {isa = PBXBuildFile; fileRef = A1B2C3D40000002F /* RWLock.swift */; };
		A1B2C3D40100002C /* MTAtomTokenizer.swift in Sources */ = {isa = PBXBuildFile; fileRef = A1B2C3D400000030 /* MTAtomTokenizer.swift */; };
		A1B2C3D40100002D /* MTBreakableElement.swift in Sources */ = {isa = PBXBuildFile; fileRef = A1B2C3D400000031 /* MTBreakableElement.swift */; };
		A1B2C3D40100002E /* MTDisplayGenerator.swift in Sources */ = {isa = PBXBuildFile; fileRef = A1B2C3D400000032 /* MTDisplayGenerator.swift */; };
		A1B2C3D40100002F /* MTDisplayPreRenderer.swift in Sources */ = {isa = PBXBuildFile; fileRef = A1B2C3D400000033 /* MTDisplayPreRenderer.swift */; };
		A1B2C3D401000030 /* MTElementWidthCalculator.swift in Sources */ = {isa = PBXBuildFile; fileRef = A1B2C3D400000034 /* MTElementWidthCalculator.swift */; };
		A1B2C3D401000031 /* MTLineFitter.swift in Sources */ = {isa = PBXBuildFile; fileRef = A1B2C3D400000035 /* MTLineFitter.swift */; };
		A1B2C3D401000032 /* mermaid.min.js in Resources */ = {isa = PBXBuildFile; fileRef = A1B2C3D400000036 /* mermaid.min.js */; };
		A1B2C3D401000033 /* mermaid-template.html in Resources */ = {isa = PBXBuildFile; fileRef = A1B2C3D400000037 /* mermaid-template.html */; };
		A1B2C3D401000034 /* mathFonts.bundle in Resources */ = {isa = PBXBuildFile; fileRef = A1B2C3D400000038 /* mathFonts.bundle */; };
		A1B2C3D401000036 /* CustomThemeStore.swift in Sources */ = {isa = PBXBuildFile; fileRef = A1B2C3D40000003A /* CustomThemeStore.swift */; };
		A1B2C3D401000037 /* RecentDocumentsStore.swift in Sources */ = {isa = PBXBuildFile; fileRef = A1B2C3D40000003B /* RecentDocumentsStore.swift */; };
		A1B2C3D401000038 /* RecentDocumentsSidebar.swift in Sources */ = {isa = PBXBuildFile; fileRef = A1B2C3D40000003C /* RecentDocumentsSidebar.swift */; };
		A1B2C3D401000039 /* SectionExtractor.swift in Sources */ = {isa = PBXBuildFile; fileRef = A1B2C3D40000003D /* SectionExtractor.swift */; };
		A1B2C3D40100003A /* DocumentSearch.swift in Sources */ = {isa = PBXBuildFile; fileRef = A1B2C3D40000003E /* DocumentSearch.swift */; };
		A1B2C3D40100003B /* WindowTabbing.swift in Sources */ = {isa = PBXBuildFile; fileRef = A1B2C3D40000003F /* WindowTabbing.swift */; };
		A1B2C3D40100003C /* ChromeButtons.swift in Sources */ = {isa = PBXBuildFile; fileRef = A1B2C3D400000040 /* ChromeButtons.swift */; };
		A1B2C3D40100003D /* ParserTests.swift in Sources */ = {isa = PBXBuildFile; fileRef = A1B2C3D400000042 /* ParserTests.swift */; };
		A1B2C3D40100003E /* RendererTests.swift in Sources */ = {isa = PBXBuildFile; fileRef = A1B2C3D400000043 /* RendererTests.swift */; };
		A1B2C3D40100003F /* SectionExtractorTests.swift in Sources */ = {isa = PBXBuildFile; fileRef = A1B2C3D400000044 /* SectionExtractorTests.swift */; };
		A1B2C3D401000040 /* DocumentAndThemeTests.swift in Sources */ = {isa = PBXBuildFile; fileRef = A1B2C3D400000045 /* DocumentAndThemeTests.swift */; };
		A1B2C3D401000041 /* SearchTests.swift in Sources */ = {isa = PBXBuildFile; fileRef = A1B2C3D400000046 /* SearchTests.swift */; };
		A1B2C3D401000042 /* MarkdownBlockParser.swift in Sources */ = {isa = PBXBuildFile; fileRef = A1B2C3D40000000E /* MarkdownBlockParser.swift */; };
		A1B2C3D401000043 /* MarkdownRenderer.swift in Sources */ = {isa = PBXBuildFile; fileRef = A1B2C3D400000004 /* MarkdownRenderer.swift */; };
		A1B2C3D401000044 /* MarkdownTheme.swift in Sources */ = {isa = PBXBuildFile; fileRef = A1B2C3D400000008 /* MarkdownTheme.swift */; };
		A1B2C3D401000045 /* MarkdownBlock.swift in Sources */ = {isa = PBXBuildFile; fileRef = A1B2C3D40000000D /* MarkdownBlock.swift */; };
		A1B2C3D401000046 /* CustomThemeStore.swift in Sources */ = {isa = PBXBuildFile; fileRef = A1B2C3D40000003A /* CustomThemeStore.swift */; };
		A1B2C3D401000047 /* MarkdownDocument.swift in Sources */ = {isa = PBXBuildFile; fileRef = A1B2C3D400000002 /* MarkdownDocument.swift */; };
		A1B2C3D401000048 /* SectionExtractor.swift in Sources */ = {isa = PBXBuildFile; fileRef = A1B2C3D40000003D /* SectionExtractor.swift */; };
		A1B2C3D401000049 /* DocumentSearch.swift in Sources */ = {isa = PBXBuildFile; fileRef = A1B2C3D40000003E /* DocumentSearch.swift */; };
		A1B2C3D40100004A /* TextBlockView.swift in Sources */ = {isa = PBXBuildFile; fileRef = A1B2C3D400000047 /* TextBlockView.swift */; };
		A1B2C3D40100004B /* InlineMathSegmenter.swift in Sources */ = {isa = PBXBuildFile; fileRef = A1B2C3D400000048 /* InlineMathSegmenter.swift */; };
		A1B2C3D40100004C /* InlineMathSegmenter.swift in Sources */ = {isa = PBXBuildFile; fileRef = A1B2C3D400000048 /* InlineMathSegmenter.swift */; };
		A1B2C3D40100004D /* FileWatchManager.swift in Sources */ = {isa = PBXBuildFile; fileRef = A1B2C3D400000049 /* FileWatchManager.swift */; };
		A1B2C3D40100004E /* ExternalEditorManager.swift in Sources */ = {isa = PBXBuildFile; fileRef = A1B2C3D40000004A /* ExternalEditorManager.swift */; };
		A1B2C3D40100004F /* ExternalEditorPickerView.swift in Sources */ = {isa = PBXBuildFile; fileRef = A1B2C3D40000004B /* ExternalEditorPickerView.swift */; };
		A1B2C3D401000050 /* SettingsView.swift in Sources */ = {isa = PBXBuildFile; fileRef = A1B2C3D40000004C /* SettingsView.swift */; };
		A1B2C3D401000051 /* FileWatcherTests.swift in Sources */ = {isa = PBXBuildFile; fileRef = A1B2C3D40000004D /* FileWatcherTests.swift */; };
		A1B2C3D401000052 /* FileWatchManager.swift in Sources */ = {isa = PBXBuildFile; fileRef = A1B2C3D400000049 /* FileWatchManager.swift */; };
		A1B2C3D401000053 /* ExternalEditorManager.swift in Sources */ = {isa = PBXBuildFile; fileRef = A1B2C3D40000004A /* ExternalEditorManager.swift */; };
		A1B2C3D401000054 /* FolderTreeNode.swift in Sources */ = {isa = PBXBuildFile; fileRef = A1B2C3D40000004E /* FolderTreeNode.swift */; };
		A1B2C3D401000055 /* FolderTreeStore.swift in Sources */ = {isa = PBXBuildFile; fileRef = A1B2C3D40000004F /* FolderTreeStore.swift */; };
		A1B2C3D401000056 /* FolderTreeSidebar.swift in Sources */ = {isa = PBXBuildFile; fileRef = A1B2C3D400000050 /* FolderTreeSidebar.swift */; };
		A1B2C3D401000057 /* FolderTreeNode.swift in Sources */ = {isa = PBXBuildFile; fileRef = A1B2C3D40000004E /* FolderTreeNode.swift */; };
		A1B2C3D401000058 /* FolderTreeNodeTests.swift in Sources */ = {isa = PBXBuildFile; fileRef = A1B2C3D400000051 /* FolderTreeNodeTests.swift */; };
		A1B2C3D401000059 /* OpenDocumentsStore.swift in Sources */ = {isa = PBXBuildFile; fileRef = A1B2C3D400000052 /* OpenDocumentsStore.swift */; };
		A1B2C3D40100005A /* AppDelegate.swift in Sources */ = {isa = PBXBuildFile; fileRef = A1B2C3D400000053 /* AppDelegate.swift */; };
		A1B2C3D40100005B /* WindowFrameStore.swift in Sources */ = {isa = PBXBuildFile; fileRef = A1B2C3D400000054 /* WindowFrameStore.swift */; };
		A1B2C3D40100005C /* DirectoryTreeWatcher.swift in Sources */ = {isa = PBXBuildFile; fileRef = A1B2C3D400000055 /* DirectoryTreeWatcher.swift */; };
/* End PBXBuildFile section */

/* Begin PBXFileReference section */
		A1B2C3D400000001 /* QuickMDApp.swift */ = {isa = PBXFileReference; lastKnownFileType = sourcecode.swift; path = QuickMDApp.swift; sourceTree = "<group>"; };
		A1B2C3D400000002 /* MarkdownDocument.swift */ = {isa = PBXFileReference; lastKnownFileType = sourcecode.swift; path = MarkdownDocument.swift; sourceTree = "<group>"; };
		A1B2C3D400000003 /* MarkdownView.swift */ = {isa = PBXFileReference; lastKnownFileType = sourcecode.swift; path = MarkdownView.swift; sourceTree = "<group>"; };
		A1B2C3D400000004 /* MarkdownRenderer.swift */ = {isa = PBXFileReference; lastKnownFileType = sourcecode.swift; path = MarkdownRenderer.swift; sourceTree = "<group>"; };
		A1B2C3D400000005 /* Assets.xcassets */ = {isa = PBXFileReference; lastKnownFileType = folder.assetcatalog; path = Assets.xcassets; sourceTree = "<group>"; };
		A1B2C3D400000006 /* QuickMD.entitlements */ = {isa = PBXFileReference; lastKnownFileType = text.plist.entitlements; path = QuickMD.entitlements; sourceTree = "<group>"; };
		A1B2C3D400000007 /* Info.plist */ = {isa = PBXFileReference; lastKnownFileType = text.plist.xml; path = Info.plist; sourceTree = "<group>"; };
		A1B2C3D400000008 /* MarkdownTheme.swift */ = {isa = PBXFileReference; lastKnownFileType = sourcecode.swift; path = MarkdownTheme.swift; sourceTree = "<group>"; };
		A1B2C3D400000009 /* TipJarManager.swift */ = {isa = PBXFileReference; lastKnownFileType = sourcecode.swift; path = TipJarManager.swift; sourceTree = "<group>"; };
		A1B2C3D40000000A /* TipJarView.swift */ = {isa = PBXFileReference; lastKnownFileType = sourcecode.swift; path = TipJarView.swift; sourceTree = "<group>"; };
		A1B2C3D40000000B /* TipJarProducts.storekit */ = {isa = PBXFileReference; lastKnownFileType = text; path = TipJarProducts.storekit; sourceTree = "<group>"; };
		A1B2C3D40000000C /* MarkdownExport.swift */ = {isa = PBXFileReference; lastKnownFileType = sourcecode.swift; path = MarkdownExport.swift; sourceTree = "<group>"; };
		A1B2C3D40000000D /* MarkdownBlock.swift */ = {isa = PBXFileReference; lastKnownFileType = sourcecode.swift; path = MarkdownBlock.swift; sourceTree = "<group>"; };
		A1B2C3D40000000E /* MarkdownBlockParser.swift */ = {isa = PBXFileReference; lastKnownFileType = sourcecode.swift; path = MarkdownBlockParser.swift; sourceTree = "<group>"; };
		A1B2C3D40000000F /* TableBlockView.swift */ = {isa = PBXFileReference; lastKnownFileType = sourcecode.swift; path = TableBlockView.swift; sourceTree = "<group>"; };
		A1B2C3D400000010 /* QuickMD.app */ = {isa = PBXFileReference; explicitFileType = wrapper.application; includeInIndex = 0; path = QuickMD.app; sourceTree = BUILT_PRODUCTS_DIR; };
		A1B2C3D400000011 /* CodeBlockView.swift */ = {isa = PBXFileReference; lastKnownFileType = sourcecode.swift; path = CodeBlockView.swift; sourceTree = "<group>"; };
		A1B2C3D400000012 /* ImageBlockView.swift */ = {isa = PBXFileReference; lastKnownFileType = sourcecode.swift; path = ImageBlockView.swift; sourceTree = "<group>"; };
		A1B2C3D400000013 /* BlockquoteView.swift */ = {isa = PBXFileReference; lastKnownFileType = sourcecode.swift; path = BlockquoteView.swift; sourceTree = "<group>"; };
		A1B2C3D400000014 /* SearchBar.swift */ = {isa = PBXFileReference; lastKnownFileType = sourcecode.swift; path = SearchBar.swift; sourceTree = "<group>"; };
		A1B2C3D400000015 /* TableOfContentsView.swift */ = {isa = PBXFileReference; lastKnownFileType = sourcecode.swift; path = TableOfContentsView.swift; sourceTree = "<group>"; };
		A1B2C3D400000016 /* ThemePickerView.swift */ = {isa = PBXFileReference; lastKnownFileType = sourcecode.swift; path = ThemePickerView.swift; sourceTree = "<group>"; };
		A1B2C3D400000017 /* SandboxAccessManager.swift */ = {isa = PBXFileReference; lastKnownFileType = sourcecode.swift; path = SandboxAccessManager.swift; sourceTree = "<group>"; };
		A1B2C3D400000018 /* MathBlockView.swift */ = {isa = PBXFileReference; lastKnownFileType = sourcecode.swift; path = MathBlockView.swift; sourceTree = "<group>"; };
		A1B2C3D400000019 /* MermaidBlockView.swift */ = {isa = PBXFileReference; lastKnownFileType = sourcecode.swift; path = MermaidBlockView.swift; sourceTree = "<group>"; };
		A1B2C3D40000001A /* MathFont.swift */ = {isa = PBXFileReference; lastKnownFileType = sourcecode.swift; path = MathFont.swift; sourceTree = "<group>"; };
		A1B2C3D40000001B /* MathImage.swift */ = {isa = PBXFileReference; lastKnownFileType = sourcecode.swift; path = MathImage.swift; sourceTree = "<group>"; };
		A1B2C3D40000001C /* MTBezierPath.swift */ = {isa = PBXFileReference; lastKnownFileType = sourcecode.swift; path = MTBezierPath.swift; sourceTree = "<group>"; };
		A1B2C3D40000001D /* MTColor.swift */ = {isa = PBXFileReference; lastKnownFileType = sourcecode.swift; path = MTColor.swift; sourceTree = "<group>"; };
		A1B2C3D40000001E /* MTConfig.swift */ = {isa = PBXFileReference; lastKnownFileType = sourcecode.swift; path = MTConfig.swift; sourceTree = "<group>"; };
		A1B2C3D40000001F /* MTFont.swift */ = {isa = PBXFileReference; lastKnownFileType = sourcecode.swift; path = MTFont.swift; sourceTree = "<group>"; };
		A1B2C3D400000020 /* MTFontManager.swift */ = {isa = PBXFileReference; lastKnownFileType = sourcecode.swift; path = MTFontManager.swift; sourceTree = "<group>"; };
		A1B2C3D400000021 /* MTFontMathTable.swift */ = {isa = PBXFileReference; lastKnownFileType = sourcecode.swift; path = MTFontMathTable.swift; sourceTree = "<group>"; };
		A1B2C3D400000022 /* MTFontMathTableV2.swift */ = {isa = PBXFileReference; lastKnownFileType = sourcecode.swift; path = MTFontMathTableV2.swift; sourceTree = "<group>"; };
		A1B2C3D400000023 /* MTFontV2.swift */ = {isa = PBXFileReference; lastKnownFileType = sourcecode.swift; path = MTFontV2.swift; sourceTree = "<group>"; };
		A1B2C3D400000024 /* MTLabel.swift */ = {isa = PBXFileReference; lastKnownFileType = sourcecode.swift; path = MTLabel.swift; sourceTree = "<group>"; };
		A1B2C3D400000025 /* MTMathAtomFactory.swift */ = {isa = PBXFileReference; lastKnownFileType = sourcecode.swift; path = MTMathAtomFactory.swift; sourceTree = "<group>"; };
		A1B2C3D400000026 /* MTMathImage.swift */ = {isa = PBXFileReference; lastKnownFileType = sourcecode.swift; path = MTMathImage.swift; sourceTree = "<group>"; };
		A1B2C3D400000027 /* MTMathList.swift */ = {isa = PBXFileReference; lastKnownFileType = sourcecode.swift; path = MTMathList.swift; sourceTree = "<group>"; };
		A1B2C3D400000028 /* MTMathListBuilder.swift */ = {isa = PBXFileReference; lastKnownFileType = sourcecode.swift; path = MTMathListBuilder.swift; sourceTree = "<group>"; };
		A1B2C3D400000029 /* MTMathListDisplay.swift */ = {isa = PBXFileReference; lastKnownFileType = sourcecode.swift; path = MTMathListDisplay.swift; sourceTree = "<group>"; };
		A1B2C3D40000002A /* MTMathListIndex.swift */ = {isa = PBXFileReference; lastKnownFileType = sourcecode.swift; path = MTMathListIndex.swift; sourceTree = "<group>"; };
		A1B2C3D40000002B /* MTMathUILabel.swift */ = {isa = PBXFileReference; lastKnownFileType = sourcecode.swift; path = MTMathUILabel.swift; sourceTree = "<group>"; };
		A1B2C3D40000002C /* MTTypesetter.swift */ = {isa = PBXFileReference; lastKnownFileType = sourcecode.swift; path = MTTypesetter.swift; sourceTree = "<group>"; };
		A1B2C3D40000002D /* MTTypesetter+Tokenization.swift */ = {isa = PBXFileReference; lastKnownFileType = sourcecode.swift; path = "MTTypesetter+Tokenization.swift"; sourceTree = "<group>"; };
		A1B2C3D40000002E /* MTUnicode.swift */ = {isa = PBXFileReference; lastKnownFileType = sourcecode.swift; path = MTUnicode.swift; sourceTree = "<group>"; };
		A1B2C3D40000002F /* RWLock.swift */ = {isa = PBXFileReference; lastKnownFileType = sourcecode.swift; path = RWLock.swift; sourceTree = "<group>"; };
		A1B2C3D400000030 /* MTAtomTokenizer.swift */ = {isa = PBXFileReference; lastKnownFileType = sourcecode.swift; path = MTAtomTokenizer.swift; sourceTree = "<group>"; };
		A1B2C3D400000031 /* MTBreakableElement.swift */ = {isa = PBXFileReference; lastKnownFileType = sourcecode.swift; path = MTBreakableElement.swift; sourceTree = "<group>"; };
		A1B2C3D400000032 /* MTDisplayGenerator.swift */ = {isa = PBXFileReference; lastKnownFileType = sourcecode.swift; path = MTDisplayGenerator.swift; sourceTree = "<group>"; };
		A1B2C3D400000033 /* MTDisplayPreRenderer.swift */ = {isa = PBXFileReference; lastKnownFileType = sourcecode.swift; path = MTDisplayPreRenderer.swift; sourceTree = "<group>"; };
		A1B2C3D400000034 /* MTElementWidthCalculator.swift */ = {isa = PBXFileReference; lastKnownFileType = sourcecode.swift; path = MTElementWidthCalculator.swift; sourceTree = "<group>"; };
		A1B2C3D400000035 /* MTLineFitter.swift */ = {isa = PBXFileReference; lastKnownFileType = sourcecode.swift; path = MTLineFitter.swift; sourceTree = "<group>"; };
		A1B2C3D400000036 /* mermaid.min.js */ = {isa = PBXFileReference; lastKnownFileType = sourcecode.javascript; path = mermaid.min.js; sourceTree = "<group>"; };
		A1B2C3D400000037 /* mermaid-template.html */ = {isa = PBXFileReference; lastKnownFileType = text.html; path = "mermaid-template.html"; sourceTree = "<group>"; };
		A1B2C3D400000038 /* mathFonts.bundle */ = {isa = PBXFileReference; lastKnownFileType = "wrapper.plug-in"; path = mathFonts.bundle; sourceTree = "<group>"; };
		A1B2C3D40000003A /* CustomThemeStore.swift */ = {isa = PBXFileReference; lastKnownFileType = sourcecode.swift; path = CustomThemeStore.swift; sourceTree = "<group>"; };
		A1B2C3D40000003B /* RecentDocumentsStore.swift */ = {isa = PBXFileReference; lastKnownFileType = sourcecode.swift; path = RecentDocumentsStore.swift; sourceTree = "<group>"; };
		A1B2C3D40000003C /* RecentDocumentsSidebar.swift */ = {isa = PBXFileReference; lastKnownFileType = sourcecode.swift; path = RecentDocumentsSidebar.swift; sourceTree = "<group>"; };
		A1B2C3D40000003D /* SectionExtractor.swift */ = {isa = PBXFileReference; lastKnownFileType = sourcecode.swift; path = SectionExtractor.swift; sourceTree = "<group>"; };
		A1B2C3D40000003E /* DocumentSearch.swift */ = {isa = PBXFileReference; lastKnownFileType = sourcecode.swift; path = DocumentSearch.swift; sourceTree = "<group>"; };
		A1B2C3D40000003F /* WindowTabbing.swift */ = {isa = PBXFileReference; lastKnownFileType = sourcecode.swift; path = WindowTabbing.swift; sourceTree = "<group>"; };
		A1B2C3D400000040 /* ChromeButtons.swift */ = {isa = PBXFileReference; lastKnownFileType = sourcecode.swift; path = ChromeButtons.swift; sourceTree = "<group>"; };
		A1B2C3D400000041 /* QuickMDTests.xctest */ = {isa = PBXFileReference; explicitFileType = wrapper.cfbundle; includeInIndex = 0; path = QuickMDTests.xctest; sourceTree = BUILT_PRODUCTS_DIR; };
		A1B2C3D400000042 /* ParserTests.swift */ = {isa = PBXFileReference; lastKnownFileType = sourcecode.swift; path = ParserTests.swift; sourceTree = "<group>"; };
		A1B2C3D400000043 /* RendererTests.swift */ = {isa = PBXFileReference; lastKnownFileType = sourcecode.swift; path = RendererTests.swift; sourceTree = "<group>"; };
		A1B2C3D400000044 /* SectionExtractorTests.swift */ = {isa = PBXFileReference; lastKnownFileType = sourcecode.swift; path = SectionExtractorTests.swift; sourceTree = "<group>"; };
		A1B2C3D400000045 /* DocumentAndThemeTests.swift */ = {isa = PBXFileReference; lastKnownFileType = sourcecode.swift; path = DocumentAndThemeTests.swift; sourceTree = "<group>"; };
		A1B2C3D400000046 /* SearchTests.swift */ = {isa = PBXFileReference; lastKnownFileType = sourcecode.swift; path = SearchTests.swift; sourceTree = "<group>"; };
		A1B2C3D400000047 /* TextBlockView.swift */ = {isa = PBXFileReference; lastKnownFileType = sourcecode.swift; path = TextBlockView.swift; sourceTree = "<group>"; };
		A1B2C3D400000048 /* InlineMathSegmenter.swift */ = {isa = PBXFileReference; lastKnownFileType = sourcecode.swift; path = InlineMathSegmenter.swift; sourceTree = "<group>"; };
		A1B2C3D400000049 /* FileWatchManager.swift */ = {isa = PBXFileReference; lastKnownFileType = sourcecode.swift; path = FileWatchManager.swift; sourceTree = "<group>"; };
		A1B2C3D40000004A /* ExternalEditorManager.swift */ = {isa = PBXFileReference; lastKnownFileType = sourcecode.swift; path = ExternalEditorManager.swift; sourceTree = "<group>"; };
		A1B2C3D40000004B /* ExternalEditorPickerView.swift */ = {isa = PBXFileReference; lastKnownFileType = sourcecode.swift; path = ExternalEditorPickerView.swift; sourceTree = "<group>"; };
		A1B2C3D40000004C /* SettingsView.swift */ = {isa = PBXFileReference; lastKnownFileType = sourcecode.swift; path = SettingsView.swift; sourceTree = "<group>"; };
		A1B2C3D40000004D /* FileWatcherTests.swift */ = {isa = PBXFileReference; lastKnownFileType = sourcecode.swift; path = FileWatcherTests.swift; sourceTree = "<group>"; };
		A1B2C3D40000004E /* FolderTreeNode.swift */ = {isa = PBXFileReference; lastKnownFileType = sourcecode.swift; path = FolderTreeNode.swift; sourceTree = "<group>"; };
		A1B2C3D40000004F /* FolderTreeStore.swift */ = {isa = PBXFileReference; lastKnownFileType = sourcecode.swift; path = FolderTreeStore.swift; sourceTree = "<group>"; };
		A1B2C3D400000050 /* FolderTreeSidebar.swift */ = {isa = PBXFileReference; lastKnownFileType = sourcecode.swift; path = FolderTreeSidebar.swift; sourceTree = "<group>"; };
		A1B2C3D400000051 /* FolderTreeNodeTests.swift */ = {isa = PBXFileReference; lastKnownFileType = sourcecode.swift; path = FolderTreeNodeTests.swift; sourceTree = "<group>"; };
		A1B2C3D400000052 /* OpenDocumentsStore.swift */ = {isa = PBXFileReference; lastKnownFileType = sourcecode.swift; path = OpenDocumentsStore.swift; sourceTree = "<group>"; };
		A1B2C3D400000053 /* AppDelegate.swift */ = {isa = PBXFileReference; lastKnownFileType = sourcecode.swift; path = AppDelegate.swift; sourceTree = "<group>"; };
		A1B2C3D400000054 /* WindowFrameStore.swift */ = {isa = PBXFileReference; lastKnownFileType = sourcecode.swift; path = WindowFrameStore.swift; sourceTree = "<group>"; };
		A1B2C3D400000055 /* DirectoryTreeWatcher.swift */ = {isa = PBXFileReference; lastKnownFileType = sourcecode.swift; path = DirectoryTreeWatcher.swift; sourceTree = "<group>"; };
/* End PBXFileReference section */

/* Begin PBXFrameworksBuildPhase section */
		A1B2C3D402000001 /* Frameworks */ = {
			isa = PBXFrameworksBuildPhase;
			buildActionMask = 2147483647;
			files = (
			);
			runOnlyForDeploymentPostprocessing = 0;
		};
		A1B2C3D402000005 /* Frameworks */ = {
			isa = PBXFrameworksBuildPhase;
			buildActionMask = 2147483647;
			files = (
			);
			runOnlyForDeploymentPostprocessing = 0;
		};
/* End PBXFrameworksBuildPhase section */

/* Begin PBXGroup section */
		A1B2C3D403000001 = {
			isa = PBXGroup;
			children = (
				A1B2C3D403000002 /* QuickMD */,
				A1B2C3D403000008 /* QuickMDTests */,
				A1B2C3D403000003 /* Products */,
			);
			sourceTree = "<group>";
		};
		A1B2C3D403000002 /* QuickMD */ = {
			isa = PBXGroup;
			children = (
				A1B2C3D400000001 /* QuickMDApp.swift */,
				A1B2C3D400000002 /* MarkdownDocument.swift */,
				A1B2C3D400000003 /* MarkdownView.swift */,
				A1B2C3D400000004 /* MarkdownRenderer.swift */,
				A1B2C3D400000008 /* MarkdownTheme.swift */,
				A1B2C3D40000000D /* MarkdownBlock.swift */,
				A1B2C3D40000000E /* MarkdownBlockParser.swift */,
				A1B2C3D40000003D /* SectionExtractor.swift */,
				A1B2C3D40000003E /* DocumentSearch.swift */,
				A1B2C3D40000003F /* WindowTabbing.swift */,
				A1B2C3D400000048 /* InlineMathSegmenter.swift */,
				A1B2C3D400000049 /* FileWatchManager.swift */,
				A1B2C3D40000004A /* ExternalEditorManager.swift */,
				A1B2C3D403000004 /* Views */,
				A1B2C3D403000005 /* SwiftMath */,
				A1B2C3D403000007 /* Resources */,
				A1B2C3D400000009 /* TipJarManager.swift */,
				A1B2C3D40000000A /* TipJarView.swift */,
				A1B2C3D40000000C /* MarkdownExport.swift */,
				A1B2C3D400000017 /* SandboxAccessManager.swift */,
				A1B2C3D40000003A /* CustomThemeStore.swift */,
				A1B2C3D40000003B /* RecentDocumentsStore.swift */,
				A1B2C3D40000004E /* FolderTreeNode.swift */,
				A1B2C3D40000004F /* FolderTreeStore.swift */,
				A1B2C3D400000052 /* OpenDocumentsStore.swift */,
				A1B2C3D400000053 /* AppDelegate.swift */,
				A1B2C3D400000054 /* WindowFrameStore.swift */,
				A1B2C3D400000055 /* DirectoryTreeWatcher.swift */,
				A1B2C3D40000000B /* TipJarProducts.storekit */,
				A1B2C3D400000005 /* Assets.xcassets */,
				A1B2C3D400000006 /* QuickMD.entitlements */,
				A1B2C3D400000007 /* Info.plist */,
			);
			path = QuickMD;
			sourceTree = "<group>";
		};
		A1B2C3D403000003 /* Products */ = {
			isa = PBXGroup;
			children = (
				A1B2C3D400000010 /* QuickMD.app */,
				A1B2C3D400000041 /* QuickMDTests.xctest */,
			);
			name = Products;
			sourceTree = "<group>";
		};
		A1B2C3D403000004 /* Views */ = {
			isa = PBXGroup;
			children = (
				A1B2C3D40000000F /* TableBlockView.swift */,
				A1B2C3D400000011 /* CodeBlockView.swift */,
				A1B2C3D400000012 /* ImageBlockView.swift */,
				A1B2C3D400000013 /* BlockquoteView.swift */,
				A1B2C3D400000014 /* SearchBar.swift */,
				A1B2C3D400000015 /* TableOfContentsView.swift */,
				A1B2C3D400000016 /* ThemePickerView.swift */,
				A1B2C3D400000018 /* MathBlockView.swift */,
				A1B2C3D400000019 /* MermaidBlockView.swift */,
				A1B2C3D40000003C /* RecentDocumentsSidebar.swift */,
				A1B2C3D400000050 /* FolderTreeSidebar.swift */,
				A1B2C3D400000040 /* ChromeButtons.swift */,
				A1B2C3D400000047 /* TextBlockView.swift */,
				A1B2C3D40000004B /* ExternalEditorPickerView.swift */,
				A1B2C3D40000004C /* SettingsView.swift */,
			);
			path = Views;
			sourceTree = "<group>";
		};
		A1B2C3D403000005 /* SwiftMath */ = {
			isa = PBXGroup;
			children = (
				A1B2C3D40000001A /* MathFont.swift */,
				A1B2C3D40000001B /* MathImage.swift */,
				A1B2C3D40000001C /* MTBezierPath.swift */,
				A1B2C3D40000001D /* MTColor.swift */,
				A1B2C3D40000001E /* MTConfig.swift */,
				A1B2C3D40000001F /* MTFont.swift */,
				A1B2C3D400000020 /* MTFontManager.swift */,
				A1B2C3D400000021 /* MTFontMathTable.swift */,
				A1B2C3D400000022 /* MTFontMathTableV2.swift */,
				A1B2C3D400000023 /* MTFontV2.swift */,
				A1B2C3D400000024 /* MTLabel.swift */,
				A1B2C3D400000025 /* MTMathAtomFactory.swift */,
				A1B2C3D400000026 /* MTMathImage.swift */,
				A1B2C3D400000027 /* MTMathList.swift */,
				A1B2C3D400000028 /* MTMathListBuilder.swift */,
				A1B2C3D400000029 /* MTMathListDisplay.swift */,
				A1B2C3D40000002A /* MTMathListIndex.swift */,
				A1B2C3D40000002B /* MTMathUILabel.swift */,
				A1B2C3D40000002C /* MTTypesetter.swift */,
				A1B2C3D40000002D /* MTTypesetter+Tokenization.swift */,
				A1B2C3D40000002E /* MTUnicode.swift */,
				A1B2C3D40000002F /* RWLock.swift */,
				A1B2C3D403000006 /* Tokenization */,
				A1B2C3D400000038 /* mathFonts.bundle */,
			);
			path = SwiftMath;
			sourceTree = "<group>";
		};
		A1B2C3D403000006 /* Tokenization */ = {
			isa = PBXGroup;
			children = (
				A1B2C3D400000030 /* MTAtomTokenizer.swift */,
				A1B2C3D400000031 /* MTBreakableElement.swift */,
				A1B2C3D400000032 /* MTDisplayGenerator.swift */,
				A1B2C3D400000033 /* MTDisplayPreRenderer.swift */,
				A1B2C3D400000034 /* MTElementWidthCalculator.swift */,
				A1B2C3D400000035 /* MTLineFitter.swift */,
			);
			path = Tokenization;
			sourceTree = "<group>";
		};
		A1B2C3D403000007 /* Resources */ = {
			isa = PBXGroup;
			children = (
				A1B2C3D400000036 /* mermaid.min.js */,
				A1B2C3D400000037 /* mermaid-template.html */,
			);
			path = Resources;
			sourceTree = "<group>";
		};
		A1B2C3D403000008 /* QuickMDTests */ = {
			isa = PBXGroup;
			children = (
				A1B2C3D400000042 /* ParserTests.swift */,
				A1B2C3D400000043 /* RendererTests.swift */,
				A1B2C3D400000044 /* SectionExtractorTests.swift */,
				A1B2C3D400000045 /* DocumentAndThemeTests.swift */,
				A1B2C3D400000046 /* SearchTests.swift */,
				A1B2C3D40000004D /* FileWatcherTests.swift */,
				A1B2C3D400000051 /* FolderTreeNodeTests.swift */,
			);
			path = QuickMDTests;
			sourceTree = "<group>";
		};
/* End PBXGroup section */

/* Begin PBXNativeTarget section */
		A1B2C3D404000001 /* QuickMD */ = {
			isa = PBXNativeTarget;
			buildConfigurationList = A1B2C3D405000003 /* Build configuration list for PBXNativeTarget "QuickMD" */;
			buildPhases = (
				A1B2C3D402000002 /* Sources */,
				A1B2C3D402000001 /* Frameworks */,
				A1B2C3D402000003 /* Resources */,
			);
			buildRules = (
			);
			dependencies = (
			);
			name = QuickMD;
			productName = QuickMD;
			productReference = A1B2C3D400000010 /* QuickMD.app */;
			productType = "com.apple.product-type.application";
		};
		A1B2C3D404000002 /* QuickMDTests */ = {
			isa = PBXNativeTarget;
			buildConfigurationList = A1B2C3D405000004 /* Build configuration list for PBXNativeTarget "QuickMDTests" */;
			buildPhases = (
				A1B2C3D402000004 /* Sources */,
				A1B2C3D402000005 /* Frameworks */,
			);
			buildRules = (
			);
			dependencies = (
			);
			name = QuickMDTests;
			productName = QuickMDTests;
			productReference = A1B2C3D400000041 /* QuickMDTests.xctest */;
			productType = "com.apple.product-type.bundle.unit-test";
		};
/* End PBXNativeTarget section */

/* Begin PBXProject section */
		A1B2C3D406000001 /* Project object */ = {
			isa = PBXProject;
			attributes = {
				BuildIndependentTargetsInParallel = 1;
				LastSwiftUpdateCheck = 1500;
				LastUpgradeCheck = 2600;
				TargetAttributes = {
					A1B2C3D404000001 = {
						CreatedOnToolsVersion = 15.0;
					};
					A1B2C3D404000002 = {
						CreatedOnToolsVersion = 15.0;
					};
				};
			};
			buildConfigurationList = A1B2C3D405000001 /* Build configuration list for PBXProject "QuickMD" */;
			compatibilityVersion = "Xcode 14.0";
			developmentRegion = en;
			hasScannedForEncodings = 0;
			knownRegions = (
				en,
				Base,
			);
			mainGroup = A1B2C3D403000001;
			productRefGroup = A1B2C3D403000003 /* Products */;
			projectDirPath = "";
			projectRoot = "";
			targets = (
				A1B2C3D404000001 /* QuickMD */,
				A1B2C3D404000002 /* QuickMDTests */,
			);
		};
/* End PBXProject section */

/* Begin PBXResourcesBuildPhase section */
		A1B2C3D402000003 /* Resources */ = {
			isa = PBXResourcesBuildPhase;
			buildActionMask = 2147483647;
			files = (
				A1B2C3D401000005 /* Assets.xcassets in Resources */,
				A1B2C3D401000032 /* mermaid.min.js in Resources */,
				A1B2C3D401000033 /* mermaid-template.html in Resources */,
				A1B2C3D401000034 /* mathFonts.bundle in Resources */,
			);
			runOnlyForDeploymentPostprocessing = 0;
		};
/* End PBXResourcesBuildPhase section */

/* Begin PBXSourcesBuildPhase section */
		A1B2C3D402000002 /* Sources */ = {
			isa = PBXSourcesBuildPhase;
			buildActionMask = 2147483647;
			files = (
				A1B2C3D401000001 /* QuickMDApp.swift in Sources */,
				A1B2C3D401000002 /* MarkdownDocument.swift in Sources */,
				A1B2C3D401000003 /* MarkdownView.swift in Sources */,
				A1B2C3D401000004 /* MarkdownRenderer.swift in Sources */,
				A1B2C3D401000006 /* MarkdownTheme.swift in Sources */,
				A1B2C3D40100000A /* MarkdownBlock.swift in Sources */,
				A1B2C3D40100000B /* MarkdownBlockParser.swift in Sources */,
				A1B2C3D40100000C /* TableBlockView.swift in Sources */,
				A1B2C3D40100000D /* CodeBlockView.swift in Sources */,
				A1B2C3D40100000E /* ImageBlockView.swift in Sources */,
				A1B2C3D401000007 /* TipJarManager.swift in Sources */,
				A1B2C3D401000008 /* TipJarView.swift in Sources */,
				A1B2C3D401000009 /* MarkdownExport.swift in Sources */,
				A1B2C3D40100000F /* BlockquoteView.swift in Sources */,
				A1B2C3D401000010 /* SearchBar.swift in Sources */,
				A1B2C3D401000011 /* TableOfContentsView.swift in Sources */,
				A1B2C3D401000012 /* ThemePickerView.swift in Sources */,
				A1B2C3D401000013 /* SandboxAccessManager.swift in Sources */,
				A1B2C3D401000014 /* MathBlockView.swift in Sources */,
				A1B2C3D401000015 /* MermaidBlockView.swift in Sources */,
				A1B2C3D401000016 /* MathFont.swift in Sources */,
				A1B2C3D401000017 /* MathImage.swift in Sources */,
				A1B2C3D401000018 /* MTBezierPath.swift in Sources */,
				A1B2C3D401000019 /* MTColor.swift in Sources */,
				A1B2C3D40100001A /* MTConfig.swift in Sources */,
				A1B2C3D40100001B /* MTFont.swift in Sources */,
				A1B2C3D40100001C /* MTFontManager.swift in Sources */,
				A1B2C3D40100001D /* MTFontMathTable.swift in Sources */,
				A1B2C3D40100001E /* MTFontMathTableV2.swift in Sources */,
				A1B2C3D40100001F /* MTFontV2.swift in Sources */,
				A1B2C3D401000020 /* MTLabel.swift in Sources */,
				A1B2C3D401000021 /* MTMathAtomFactory.swift in Sources */,
				A1B2C3D401000022 /* MTMathImage.swift in Sources */,
				A1B2C3D401000023 /* MTMathList.swift in Sources */,
				A1B2C3D401000024 /* MTMathListBuilder.swift in Sources */,
				A1B2C3D401000025 /* MTMathListDisplay.swift in Sources */,
				A1B2C3D401000026 /* MTMathListIndex.swift in Sources */,
				A1B2C3D401000027 /* MTMathUILabel.swift in Sources */,
				A1B2C3D401000028 /* MTTypesetter.swift in Sources */,
				A1B2C3D401000029 /* MTTypesetter+Tokenization.swift in Sources */,
				A1B2C3D40100002A /* MTUnicode.swift in Sources */,
				A1B2C3D40100002B /* RWLock.swift in Sources */,
				A1B2C3D40100002C /* MTAtomTokenizer.swift in Sources */,
				A1B2C3D40100002D /* MTBreakableElement.swift in Sources */,
				A1B2C3D40100002E /* MTDisplayGenerator.swift in Sources */,
				A1B2C3D40100002F /* MTDisplayPreRenderer.swift in Sources */,
				A1B2C3D401000030 /* MTElementWidthCalculator.swift in Sources */,
				A1B2C3D401000031 /* MTLineFitter.swift in Sources */,
				A1B2C3D401000036 /* CustomThemeStore.swift in Sources */,
				A1B2C3D401000037 /* RecentDocumentsStore.swift in Sources */,
				A1B2C3D401000038 /* RecentDocumentsSidebar.swift in Sources */,
				A1B2C3D401000039 /* SectionExtractor.swift in Sources */,
				A1B2C3D40100003A /* DocumentSearch.swift in Sources */,
				A1B2C3D40100003B /* WindowTabbing.swift in Sources */,
				A1B2C3D40100003C /* ChromeButtons.swift in Sources */,
				A1B2C3D40100004A /* TextBlockView.swift in Sources */,
				A1B2C3D40100004B /* InlineMathSegmenter.swift in Sources */,
				A1B2C3D40100004D /* FileWatchManager.swift in Sources */,
				A1B2C3D40100004E /* ExternalEditorManager.swift in Sources */,
				A1B2C3D40100004F /* ExternalEditorPickerView.swift in Sources */,
				A1B2C3D401000050 /* SettingsView.swift in Sources */,
				A1B2C3D401000054 /* FolderTreeNode.swift in Sources */,
				A1B2C3D401000055 /* FolderTreeStore.swift in Sources */,
				A1B2C3D401000056 /* FolderTreeSidebar.swift in Sources */,
				A1B2C3D401000059 /* OpenDocumentsStore.swift in Sources */,
				A1B2C3D40100005A /* AppDelegate.swift in Sources */,
				A1B2C3D40100005B /* WindowFrameStore.swift in Sources */,
				A1B2C3D40100005C /* DirectoryTreeWatcher.swift in Sources */,
			);
			runOnlyForDeploymentPostprocessing = 0;
		};
		A1B2C3D402000004 /* Sources */ = {
			isa = PBXSourcesBuildPhase;
			buildActionMask = 2147483647;
			files = (
				A1B2C3D40100003D /* ParserTests.swift in Sources */,
				A1B2C3D40100003E /* RendererTests.swift in Sources */,
				A1B2C3D40100003F /* SectionExtractorTests.swift in Sources */,
				A1B2C3D401000040 /* DocumentAndThemeTests.swift in Sources */,
				A1B2C3D401000041 /* SearchTests.swift in Sources */,
				A1B2C3D401000042 /* MarkdownBlockParser.swift in Sources */,
				A1B2C3D401000043 /* MarkdownRenderer.swift in Sources */,
				A1B2C3D401000044 /* MarkdownTheme.swift in Sources */,
				A1B2C3D401000045 /* MarkdownBlock.swift in Sources */,
				A1B2C3D401000046 /* CustomThemeStore.swift in Sources */,
				A1B2C3D401000047 /* MarkdownDocument.swift in Sources */,
				A1B2C3D401000048 /* SectionExtractor.swift in Sources */,
				A1B2C3D401000049 /* DocumentSearch.swift in Sources */,
				A1B2C3D40100004C /* InlineMathSegmenter.swift in Sources */,
				A1B2C3D401000051 /* FileWatcherTests.swift in Sources */,
				A1B2C3D401000052 /* FileWatchManager.swift in Sources */,
				A1B2C3D401000053 /* ExternalEditorManager.swift in Sources */,
				A1B2C3D401000057 /* FolderTreeNode.swift in Sources */,
				A1B2C3D401000058 /* FolderTreeNodeTests.swift in Sources */,
			);
			runOnlyForDeploymentPostprocessing = 0;
		};
/* End PBXSourcesBuildPhase section */

/* Begin XCBuildConfiguration section */
		A1B2C3D407000001 /* Debug */ = {
			isa = XCBuildConfiguration;
			buildSettings = {
				ALWAYS_SEARCH_USER_PATHS = NO;
				ASSETCATALOG_COMPILER_GENERATE_SWIFT_ASSET_SYMBOL_EXTENSIONS = YES;
				CLANG_ANALYZER_NONNULL = YES;
				CLANG_ANALYZER_NUMBER_OBJECT_CONVERSION = YES_AGGRESSIVE;
				CLANG_CXX_LANGUAGE_STANDARD = "gnu++20";
				CLANG_ENABLE_MODULES = YES;
				CLANG_ENABLE_OBJC_ARC = YES;
				CLANG_ENABLE_OBJC_WEAK = YES;
				CLANG_WARN_BLOCK_CAPTURE_AUTORELEASING = YES;
				CLANG_WARN_BOOL_CONVERSION = YES;
				CLANG_WARN_COMMA = YES;
				CLANG_WARN_CONSTANT_CONVERSION = YES;
				CLANG_WARN_DEPRECATED_OBJC_IMPLEMENTATIONS = YES;
				CLANG_WARN_DIRECT_OBJC_ISA_USAGE = YES_ERROR;
				CLANG_WARN_DOCUMENTATION_COMMENTS = YES;
				CLANG_WARN_EMPTY_BODY = YES;
				CLANG_WARN_ENUM_CONVERSION = YES;
				CLANG_WARN_INFINITE_RECURSION = YES;
				CLANG_WARN_INT_CONVERSION = YES;
				CLANG_WARN_NON_LITERAL_NULL_CONVERSION = YES;
				CLANG_WARN_OBJC_IMPLICIT_RETAIN_SELF = YES;
				CLANG_WARN_OBJC_LITERAL_CONVERSION = YES;
				CLANG_WARN_OBJC_ROOT_CLASS = YES_ERROR;
				CLANG_WARN_QUOTED_INCLUDE_IN_FRAMEWORK_HEADER = YES;
				CLANG_WARN_RANGE_LOOP_ANALYSIS = YES;
				CLANG_WARN_STRICT_PROTOTYPES = YES;
				CLANG_WARN_SUSPICIOUS_MOVE = YES;
				CLANG_WARN_UNGUARDED_AVAILABILITY = YES_AGGRESSIVE;
				CLANG_WARN_UNREACHABLE_CODE = YES;
				CLANG_WARN__DUPLICATE_METHOD_MATCH = YES;
				COPY_PHASE_STRIP = NO;
				DEAD_CODE_STRIPPING = YES;
				DEBUG_INFORMATION_FORMAT = dwarf;
				DEVELOPMENT_TEAM = VJ92852M32;
				ENABLE_STRICT_OBJC_MSGSEND = YES;
				ENABLE_TESTABILITY = YES;
				ENABLE_USER_SCRIPT_SANDBOXING = YES;
				GCC_C_LANGUAGE_STANDARD = gnu17;
				GCC_DYNAMIC_NO_PIC = NO;
				GCC_NO_COMMON_BLOCKS = YES;
				GCC_OPTIMIZATION_LEVEL = 0;
				GCC_PREPROCESSOR_DEFINITIONS = (
					"DEBUG=1",
					"$(inherited)",
				);
				GCC_WARN_64_TO_32_BIT_CONVERSION = YES;
				GCC_WARN_ABOUT_RETURN_TYPE = YES_ERROR;
				GCC_WARN_UNDECLARED_SELECTOR = YES;
				GCC_WARN_UNINITIALIZED_AUTOS = YES_AGGRESSIVE;
				GCC_WARN_UNUSED_FUNCTION = YES;
				GCC_WARN_UNUSED_VARIABLE = YES;
				MACOSX_DEPLOYMENT_TARGET = 14.0;
				MTL_ENABLE_DEBUG_INFO = INCLUDE_SOURCE;
				MTL_FAST_MATH = YES;
				ONLY_ACTIVE_ARCH = YES;
				SDKROOT = macosx;
				STRING_CATALOG_GENERATE_SYMBOLS = YES;
				SWIFT_ACTIVE_COMPILATION_CONDITIONS = "DEBUG $(inherited)";
				SWIFT_OPTIMIZATION_LEVEL = "-Onone";
			};
			name = Debug;
		};
		A1B2C3D407000002 /* Release */ = {
			isa = XCBuildConfiguration;
			buildSettings = {
				ALWAYS_SEARCH_USER_PATHS = NO;
				ASSETCATALOG_COMPILER_GENERATE_SWIFT_ASSET_SYMBOL_EXTENSIONS = YES;
				CLANG_ANALYZER_NONNULL = YES;
				CLANG_ANALYZER_NUMBER_OBJECT_CONVERSION = YES_AGGRESSIVE;
				CLANG_CXX_LANGUAGE_STANDARD = "gnu++20";
				CLANG_ENABLE_MODULES = YES;
				CLANG_ENABLE_OBJC_ARC = YES;
				CLANG_ENABLE_OBJC_WEAK = YES;
				CLANG_WARN_BLOCK_CAPTURE_AUTORELEASING = YES;
				CLANG_WARN_BOOL_CONVERSION = YES;
				CLANG_WARN_COMMA = YES;
				CLANG_WARN_CONSTANT_CONVERSION = YES;
				CLANG_WARN_DEPRECATED_OBJC_IMPLEMENTATIONS = YES;
				CLANG_WARN_DIRECT_OBJC_ISA_USAGE = YES_ERROR;
				CLANG_WARN_DOCUMENTATION_COMMENTS = YES;
				CLANG_WARN_EMPTY_BODY = YES;
				CLANG_WARN_ENUM_CONVERSION = YES;
				CLANG_WARN_INFINITE_RECURSION = YES;
				CLANG_WARN_INT_CONVERSION = YES;
				CLANG_WARN_NON_LITERAL_NULL_CONVERSION = YES;
				CLANG_WARN_OBJC_IMPLICIT_RETAIN_SELF = YES;
				CLANG_WARN_OBJC_LITERAL_CONVERSION = YES;
				CLANG_WARN_OBJC_ROOT_CLASS = YES_ERROR;
				CLANG_WARN_QUOTED_INCLUDE_IN_FRAMEWORK_HEADER = YES;
				CLANG_WARN_RANGE_LOOP_ANALYSIS = YES;
				CLANG_WARN_STRICT_PROTOTYPES = YES;
				CLANG_WARN_SUSPICIOUS_MOVE = YES;
				CLANG_WARN_UNGUARDED_AVAILABILITY = YES_AGGRESSIVE;
				CLANG_WARN_UNREACHABLE_CODE = YES;
				CLANG_WARN__DUPLICATE_METHOD_MATCH = YES;
				COPY_PHASE_STRIP = NO;
				DEAD_CODE_STRIPPING = YES;
				DEBUG_INFORMATION_FORMAT = "dwarf-with-dsym";
				DEVELOPMENT_TEAM = VJ92852M32;
				ENABLE_NS_ASSERTIONS = NO;
				ENABLE_STRICT_OBJC_MSGSEND = YES;
				ENABLE_USER_SCRIPT_SANDBOXING = YES;
				GCC_C_LANGUAGE_STANDARD = gnu17;
				GCC_NO_COMMON_BLOCKS = YES;
				GCC_WARN_64_TO_32_BIT_CONVERSION = YES;
				GCC_WARN_ABOUT_RETURN_TYPE = YES_ERROR;
				GCC_WARN_UNDECLARED_SELECTOR = YES;
				GCC_WARN_UNINITIALIZED_AUTOS = YES_AGGRESSIVE;
				GCC_WARN_UNUSED_FUNCTION = YES;
				GCC_WARN_UNUSED_VARIABLE = YES;
				MACOSX_DEPLOYMENT_TARGET = 14.0;
				MTL_ENABLE_DEBUG_INFO = NO;
				MTL_FAST_MATH = YES;
				SDKROOT = macosx;
				STRING_CATALOG_GENERATE_SYMBOLS = YES;
				SWIFT_COMPILATION_MODE = wholemodule;
			};
			name = Release;
		};
		A1B2C3D407000003 /* Debug */ = {
			isa = XCBuildConfiguration;
			buildSettings = {
				ASSETCATALOG_COMPILER_APPICON_NAME = AppIcon;
				ASSETCATALOG_COMPILER_GLOBAL_ACCENT_COLOR_NAME = AccentColor;
				CODE_SIGN_ENTITLEMENTS = QuickMD/QuickMD.entitlements;
				CODE_SIGN_IDENTITY = "Apple Development";
				"CODE_SIGN_IDENTITY[sdk=macosx*]" = "Apple Development";
				CODE_SIGN_STYLE = Automatic;
				COMBINE_HIDPI_IMAGES = YES;
				CURRENT_PROJECT_VERSION = 17;
				DEAD_CODE_STRIPPING = YES;
				DEVELOPMENT_TEAM = Q9M94QYX93;
				ENABLE_APP_SANDBOX = YES;
				ENABLE_HARDENED_RUNTIME = YES;
				ENABLE_INCOMING_NETWORK_CONNECTIONS = NO;
				ENABLE_OUTGOING_NETWORK_CONNECTIONS = YES;
				ENABLE_RESOURCE_ACCESS_AUDIO_INPUT = NO;
				ENABLE_RESOURCE_ACCESS_BLUETOOTH = NO;
				ENABLE_RESOURCE_ACCESS_CALENDARS = NO;
				ENABLE_RESOURCE_ACCESS_CAMERA = NO;
				ENABLE_RESOURCE_ACCESS_CONTACTS = NO;
				ENABLE_RESOURCE_ACCESS_LOCATION = NO;
				ENABLE_RESOURCE_ACCESS_PRINTING = YES;
				ENABLE_RESOURCE_ACCESS_USB = NO;
				ENABLE_USER_SELECTED_FILES = readwrite;
				GENERATE_INFOPLIST_FILE = NO;
				INFOPLIST_FILE = QuickMD/Info.plist;
				INFOPLIST_KEY_CFBundleDisplayName = QuickMD;
				INFOPLIST_KEY_LSApplicationCategoryType = "public.app-category.utilities";
				INFOPLIST_KEY_NSHumanReadableCopyright = "";
				LD_RUNPATH_SEARCH_PATHS = (
					"$(inherited)",
					"@executable_path/../Frameworks",
				);
				MARKETING_VERSION = 1.6.0;
				PRODUCT_BUNDLE_IDENTIFIER = pl.falami.studio.QuickMD.dev;
				PRODUCT_NAME = "$(TARGET_NAME)";
				PROVISIONING_PROFILE_SPECIFIER = "";
				SWIFT_EMIT_LOC_STRINGS = YES;
				SWIFT_VERSION = 5.9;
			};
			name = Debug;
		};
		A1B2C3D407000004 /* Release */ = {
			isa = XCBuildConfiguration;
			buildSettings = {
				ASSETCATALOG_COMPILER_APPICON_NAME = AppIcon;
				ASSETCATALOG_COMPILER_GLOBAL_ACCENT_COLOR_NAME = AccentColor;
				CODE_SIGN_ENTITLEMENTS = QuickMD/QuickMD.entitlements;
				CODE_SIGN_IDENTITY = "Apple Development";
				"CODE_SIGN_IDENTITY[sdk=macosx*]" = "Apple Development";
				CODE_SIGN_STYLE = Automatic;
				COMBINE_HIDPI_IMAGES = YES;
				CURRENT_PROJECT_VERSION = 17;
				DEAD_CODE_STRIPPING = YES;
				DEVELOPMENT_TEAM = Q9M94QYX93;
				ENABLE_APP_SANDBOX = YES;
				ENABLE_HARDENED_RUNTIME = YES;
				ENABLE_INCOMING_NETWORK_CONNECTIONS = NO;
				ENABLE_OUTGOING_NETWORK_CONNECTIONS = YES;
				ENABLE_RESOURCE_ACCESS_AUDIO_INPUT = NO;
				ENABLE_RESOURCE_ACCESS_BLUETOOTH = NO;
				ENABLE_RESOURCE_ACCESS_CALENDARS = NO;
				ENABLE_RESOURCE_ACCESS_CAMERA = NO;
				ENABLE_RESOURCE_ACCESS_CONTACTS = NO;
				ENABLE_RESOURCE_ACCESS_LOCATION = NO;
				ENABLE_RESOURCE_ACCESS_PRINTING = YES;
				ENABLE_RESOURCE_ACCESS_USB = NO;
				ENABLE_USER_SELECTED_FILES = readwrite;
				GENERATE_INFOPLIST_FILE = NO;
				INFOPLIST_FILE = QuickMD/Info.plist;
				INFOPLIST_KEY_CFBundleDisplayName = QuickMD;
				INFOPLIST_KEY_LSApplicationCategoryType = "public.app-category.utilities";
				INFOPLIST_KEY_NSHumanReadableCopyright = "";
				LD_RUNPATH_SEARCH_PATHS = (
					"$(inherited)",
					"@executable_path/../Frameworks",
				);
				MARKETING_VERSION = 1.6.0;
				PRODUCT_BUNDLE_IDENTIFIER = pl.falami.studio.QuickMD.dev;
				PRODUCT_NAME = "$(TARGET_NAME)";
				PROVISIONING_PROFILE_SPECIFIER = "";
				SWIFT_EMIT_LOC_STRINGS = YES;
				SWIFT_VERSION = 5.9;
			};
			name = Release;
		};
		A1B2C3D407000005 /* Debug */ = {
			isa = XCBuildConfiguration;
			buildSettings = {
				CODE_SIGN_STYLE = Automatic;
				CURRENT_PROJECT_VERSION = 1;
				GENERATE_INFOPLIST_FILE = YES;
				MACOSX_DEPLOYMENT_TARGET = 14.0;
				MARKETING_VERSION = 1.0;
				PRODUCT_BUNDLE_IDENTIFIER = pl.falami.studio.QuickMDTests;
				PRODUCT_NAME = "$(TARGET_NAME)";
				SWIFT_EMIT_LOC_STRINGS = NO;
				SWIFT_VERSION = 5.9;
			};
			name = Debug;
		};
		A1B2C3D407000006 /* Release */ = {
			isa = XCBuildConfiguration;
			buildSettings = {
				CODE_SIGN_STYLE = Automatic;
				CURRENT_PROJECT_VERSION = 1;
				GENERATE_INFOPLIST_FILE = YES;
				MACOSX_DEPLOYMENT_TARGET = 14.0;
				MARKETING_VERSION = 1.0;
				PRODUCT_BUNDLE_IDENTIFIER = pl.falami.studio.QuickMDTests;
				PRODUCT_NAME = "$(TARGET_NAME)";
				SWIFT_EMIT_LOC_STRINGS = NO;
				SWIFT_VERSION = 5.9;
			};
			name = Release;
		};
/* End XCBuildConfiguration section */

/* Begin XCConfigurationList section */
		A1B2C3D405000001 /* Build configuration list for PBXProject "QuickMD" */ = {
			isa = XCConfigurationList;
			buildConfigurations = (
				A1B2C3D407000001 /* Debug */,
				A1B2C3D407000002 /* Release */,
			);
			defaultConfigurationIsVisible = 0;
			defaultConfigurationName = Release;
		};
		A1B2C3D405000003 /* Build configuration list for PBXNativeTarget "QuickMD" */ = {
			isa = XCConfigurationList;
			buildConfigurations = (
				A1B2C3D407000003 /* Debug */,
				A1B2C3D407000004 /* Release */,
			);
			defaultConfigurationIsVisible = 0;
			defaultConfigurationName = Release;
		};
		A1B2C3D405000004 /* Build configuration list for PBXNativeTarget "QuickMDTests" */ = {
			isa = XCConfigurationList;
			buildConfigurations = (
				A1B2C3D407000005 /* Debug */,
				A1B2C3D407000006 /* Release */,
			);
			defaultConfigurationIsVisible = 0;
			defaultConfigurationName = Release;
		};
/* End XCConfigurationList section */
	};
	rootObject = A1B2C3D406000001 /* Project object */;
}
